
Microsoft Visual Studio Solution File, Format Version 12.00
# Visual Studio Version 16
VisualStudioVersion = 16.0.30114.105
MinimumVisualStudioVersion = 10.0.40219.1
Project("{FAE04EC0-301F-11D3-BF4B-00C04F79EFBC}") = "UMF", "UMF\UMF.csproj", "{5A953BF6-4094-4960-AE81-E55E7ED0D9A5}"
EndProject
Global
	GlobalSection(SolutionConfigurationPlatforms) = preSolution
		Debug|Any CPU = Debug|Any CPU
		Release|Any CPU = Release|Any CPU
	EndGlobalSection
	GlobalSection(ProjectConfigurationPlatforms) = postSolution
		{5A953BF6-4094-4960-AE81-E55E7ED0D9A5}.Debug|Any CPU.ActiveCfg = Debug|Any CPU
		{5A953BF6-4094-4960-AE81-E55E7ED0D9A5}.Debug|Any CPU.Build.0 = Debug|Any CPU
		{5A953BF6-4094-4960-AE81-E55E7ED0D9A5}.Release|Any CPU.ActiveCfg = Release|Any CPU
		{5A953BF6-4094-4960-AE81-E55E7ED0D9A5}.Release|Any CPU.Build.0 = Release|Any CPU
	EndGlobalSection
	GlobalSection(SolutionProperties) = preSolution
		HideSolutionNode = FALSE
	EndGlobalSection
	GlobalSection(ExtensibilityGlobals) = postSolution
		SolutionGuid = {2ED45F91-AE45-427B-8374-AB8CA854E049}
	EndGlobalSection
EndGlobal
